{
    "_readme": [
        "This file locks the dependencies of your project to a known state",
        "Read more about it at http://getcomposer.org/doc/01-basic-usage.md#composer-lock-the-lock-file",
        "This file is @generated automatically"
    ],
    "hash": "4bd8a1aa4004930c172d84559cc5f64d",
    "packages": [
        {
            "name": "cbschuld/browser.php",
            "version": "dev-master",
            "source": {
                "type": "git",
                "url": "https://github.com/cbschuld/Browser.php.git",
                "reference": "45f4e96082c1b63357088f2204cc544574c713cf"
            },
            "dist": {
                "type": "zip",
                "url": "https://api.github.com/repos/cbschuld/Browser.php/zipball/45f4e96082c1b63357088f2204cc544574c713cf",
                "reference": "45f4e96082c1b63357088f2204cc544574c713cf",
                "shasum": ""
            },
            "type": "library",
            "autoload": {
                "files": [
                    "lib/Browser.php"
                ]
            },
            "notification-url": "https://packagist.org/downloads/",
            "license": [
                "MIT"
            ],
            "authors": [
                {
                    "name": "Chris Schuld",
                    "email": "chris@chrisschuld.com",
                    "homepage": "http://chrisschuld.com"
                }
            ],
            "homepage": "http://chrisschuld.com/projects/browser-php-detecting-a-users-browser-from-php.html",
            "keywords": [
                "browser",
                "detection",
                "user agent"
            ],
            "time": "2015-02-09 13:43:55"
        },
        {
            "name": "zendframework/zendframework1",
            "version": "1.12.11",
            "source": {
                "type": "git",
                "url": "https://github.com/zendframework/zf1.git",
                "reference": "585b480907421b1ce734945487e7c5fc79d235f4"
            },
            "dist": {
                "type": "zip",
                "url": "https://api.github.com/repos/zendframework/zf1/zipball/585b480907421b1ce734945487e7c5fc79d235f4",
                "reference": "585b480907421b1ce734945487e7c5fc79d235f4",
                "shasum": ""
            },
            "require": {
                "php": ">=5.2.11"
            },
            "require-dev": {
                "phpunit/dbunit": "1.3.*",
                "phpunit/phpunit": "3.7.*"
            },
            "type": "library",
            "extra": {
                "branch-alias": {
                    "dev-master": "1.12.x-dev"
                }
            },
            "autoload": {
                "psr-0": {
                    "Zend_": "library/"
                }
            },
            "notification-url": "https://packagist.org/downloads/",
            "include-path": [
                "library/"
            ],
            "license": [
                "BSD-3-Clause"
            ],
            "description": "Zend Framework 1",
            "homepage": "http://framework.zend.com/",
            "keywords": [
                "ZF1",
                "framework"
            ],
            "time": "2015-02-11 15:08:45"
        }
    ],
    "packages-dev": [],
    "aliases": [],
    "minimum-stability": "stable",
    "stability-flags": {
        "cbschuld/browser.php": 20
    },
    "prefer-stable": false,
    "prefer-lowest": false,
    "platform": [],
    "platform-dev": []
}
